// !$*UTF8*$!
{
	archiveVersion = 1;
	classes = {
	};
	objectVersion = 46;
	objects = {

/* Begin PBXBuildFile section */
		111A7CAE1F3AF46400A90482 /* AppDelegate.swift in Sources */ = {isa = PBXBuildFile; fileRef = 111A7CAD1F3AF46400A90482 /* AppDelegate.swift */; };
		111A7CB01F3AF46400A90482 /* LoginController.swift in Sources */ = {isa = PBXBuildFile; fileRef = 111A7CAF1F3AF46400A90482 /* LoginController.swift */; };
		111A7CB31F3AF46400A90482 /* Main.storyboard in Resources */ = {isa = PBXBuildFile; fileRef = 111A7CB11F3AF46400A90482 /* Main.storyboard */; };
		111A7CB61F3AF46400A90482 /* future.xcdatamodeld in Sources */ = {isa = PBXBuildFile; fileRef = 111A7CB41F3AF46400A90482 /* future.xcdatamodeld */; };
		111A7CB81F3AF46400A90482 /* Assets.xcassets in Resources */ = {isa = PBXBuildFile; fileRef = 111A7CB71F3AF46400A90482 /* Assets.xcassets */; };
		111A7CBB1F3AF46400A90482 /* LaunchScreen.storyboard in Resources */ = {isa = PBXBuildFile; fileRef = 111A7CB91F3AF46400A90482 /* LaunchScreen.storyboard */; };
		111A7CCA1F3AF50300A90482 /* MyDictionary.swift in Sources */ = {isa = PBXBuildFile; fileRef = 111A7CC91F3AF50300A90482 /* MyDictionary.swift */; };
		111A7CCC1F3AF51D00A90482 /* DictionaryDao.swift in Sources */ = {isa = PBXBuildFile; fileRef = 111A7CCB1F3AF51D00A90482 /* DictionaryDao.swift */; };
		111A7CCE1F3BF21800A90482 /* AppConstants.swift in Sources */ = {isa = PBXBuildFile; fileRef = 111A7CCD1F3BF21800A90482 /* AppConstants.swift */; };
		111A7CD01F3BF31500A90482 /* RegisterController.swift in Sources */ = {isa = PBXBuildFile; fileRef = 111A7CCF1F3BF31400A90482 /* RegisterController.swift */; };
		111A7CD21F3BF5D800A90482 /* ViewUtil.swift in Sources */ = {isa = PBXBuildFile; fileRef = 111A7CD11F3BF5D800A90482 /* ViewUtil.swift */; };
		111A7CD41F3C0ED400A90482 /* ForgotController.swift in Sources */ = {isa = PBXBuildFile; fileRef = 111A7CD31F3C0ED400A90482 /* ForgotController.swift */; };
		111A7CD61F3C107D00A90482 /* UpdatePasswordSuccessController.swift in Sources */ = {isa = PBXBuildFile; fileRef = 111A7CD51F3C107D00A90482 /* UpdatePasswordSuccessController.swift */; };
		111A7CD81F3C28F400A90482 /* MyController.swift in Sources */ = {isa = PBXBuildFile; fileRef = 111A7CD71F3C28F400A90482 /* MyController.swift */; };
		111A7CDB1F3C31DA00A90482 /* MyTabBarController.swift in Sources */ = {isa = PBXBuildFile; fileRef = 111A7CDA1F3C31DA00A90482 /* MyTabBarController.swift */; };
		111A7CDD1F3C348F00A90482 /* OtherController.swift in Sources */ = {isa = PBXBuildFile; fileRef = 111A7CDC1F3C348F00A90482 /* OtherController.swift */; };
		111A7CDF1F3C34AC00A90482 /* IndexController.swift in Sources */ = {isa = PBXBuildFile; fileRef = 111A7CDE1F3C34AC00A90482 /* IndexController.swift */; };
		111A7CE11F3C34D900A90482 /* BookController.swift in Sources */ = {isa = PBXBuildFile; fileRef = 111A7CE01F3C34D900A90482 /* BookController.swift */; };
		111A7CE31F3C4E9E00A90482 /* SettingController.swift in Sources */ = {isa = PBXBuildFile; fileRef = 111A7CE21F3C4E9E00A90482 /* SettingController.swift */; };
		111A7D111F3C8B0100A90482 /* HttpUtil.swift in Sources */ = {isa = PBXBuildFile; fileRef = 111A7D101F3C8B0100A90482 /* HttpUtil.swift */; };
		111A7D161F3D803B00A90482 /* ToastUtil.swift in Sources */ = {isa = PBXBuildFile; fileRef = 111A7D151F3D803B00A90482 /* ToastUtil.swift */; };
		111A7D181F3D814100A90482 /* RegisterSuccessController.swift in Sources */ = {isa = PBXBuildFile; fileRef = 111A7D171F3D814100A90482 /* RegisterSuccessController.swift */; };
		112A5B891F472A6D00BCBE5E /* CategoryCollectionView.swift in Sources */ = {isa = PBXBuildFile; fileRef = 112A5B881F472A6D00BCBE5E /* CategoryCollectionView.swift */; };
		112A5B8D1F4744F700BCBE5E /* CategoryCollectionCell.swift in Sources */ = {isa = PBXBuildFile; fileRef = 112A5B8C1F4744F700BCBE5E /* CategoryCollectionCell.swift */; };
		112A5B8F1F47522500BCBE5E /* HotCollectionView.swift in Sources */ = {isa = PBXBuildFile; fileRef = 112A5B8E1F47522500BCBE5E /* HotCollectionView.swift */; };
		112A5B911F47528600BCBE5E /* HotCollectionCell.swift in Sources */ = {isa = PBXBuildFile; fileRef = 112A5B901F47528600BCBE5E /* HotCollectionCell.swift */; };
		112A5B931F47632C00BCBE5E /* FavCollectionView.swift in Sources */ = {isa = PBXBuildFile; fileRef = 112A5B921F47632C00BCBE5E /* FavCollectionView.swift */; };
		112A5B951F47636300BCBE5E /* FavCollectionCell.swift in Sources */ = {isa = PBXBuildFile; fileRef = 112A5B941F47636300BCBE5E /* FavCollectionCell.swift */; };
		112A5B971F47666800BCBE5E /* Favorite.swift in Sources */ = {isa = PBXBuildFile; fileRef = 112A5B961F47666800BCBE5E /* Favorite.swift */; };
		112A5B9B1F4812C700BCBE5E /* BookCell.swift in Sources */ = {isa = PBXBuildFile; fileRef = 112A5B9A1F4812C700BCBE5E /* BookCell.swift */; };
		112A5B9D1F481A9E00BCBE5E /* SectionDetailController.swift in Sources */ = {isa = PBXBuildFile; fileRef = 112A5B9C1F481A9E00BCBE5E /* SectionDetailController.swift */; };
		112A5B9F1F481DFC00BCBE5E /* UserUtil.swift in Sources */ = {isa = PBXBuildFile; fileRef = 112A5B9E1F481DFC00BCBE5E /* UserUtil.swift */; };
		11618C6C1F3EC4FE00EB3CFA /* StringUtil.swift in Sources */ = {isa = PBXBuildFile; fileRef = 11618C6B1F3EC4FE00EB3CFA /* StringUtil.swift */; };
		11618C731F3EEE8E00EB3CFA /* Book.swift in Sources */ = {isa = PBXBuildFile; fileRef = 11618C721F3EEE8E00EB3CFA /* Book.swift */; };
		11618C851F45485C00EB3CFA /* Section.swift in Sources */ = {isa = PBXBuildFile; fileRef = 11618C841F45485C00EB3CFA /* Section.swift */; };
		11618C8C1F468D2100EB3CFA /* BookListController.swift in Sources */ = {isa = PBXBuildFile; fileRef = 11618C8B1F468D2100EB3CFA /* BookListController.swift */; };
		8DC06CB3E37A704F75F1D26F /* Pods_future.framework in Frameworks */ = {isa = PBXBuildFile; fileRef = 3D8865FEB7D17CE602D349C5 /* Pods_future.framework */; };
/* End PBXBuildFile section */

/* Begin PBXFileReference section */
		111A7CAA1F3AF46400A90482 /* 未来.app */ = {isa = PBXFileReference; explicitFileType = wrapper.application; includeInIndex = 0; path = "未来.app"; sourceTree = BUILT_PRODUCTS_DIR; };
		111A7CAD1F3AF46400A90482 /* AppDelegate.swift */ = {isa = PBXFileReference; lastKnownFileType = sourcecode.swift; path = AppDelegate.swift; sourceTree = "<group>"; };
		111A7CAF1F3AF46400A90482 /* LoginController.swift */ = {isa = PBXFileReference; lastKnownFileType = sourcecode.swift; path = LoginController.swift; sourceTree = "<group>"; };
		111A7CB21F3AF46400A90482 /* Base */ = {isa = PBXFileReference; lastKnownFileType = file.storyboard; name = Base; path = Base.lproj/Main.storyboard; sourceTree = "<group>"; };
		111A7CB51F3AF46400A90482 /* future.xcdatamodel */ = {isa = PBXFileReference; lastKnownFileType = wrapper.xcdatamodel; path = future.xcdatamodel; sourceTree = "<group>"; };
		111A7CB71F3AF46400A90482 /* Assets.xcassets */ = {isa = PBXFileReference; lastKnownFileType = folder.assetcatalog; path = Assets.xcassets; sourceTree = "<group>"; };
		111A7CBA1F3AF46400A90482 /* Base */ = {isa = PBXFileReference; lastKnownFileType = file.storyboard; name = Base; path = Base.lproj/LaunchScreen.storyboard; sourceTree = "<group>"; };
		111A7CBC1F3AF46400A90482 /* Info.plist */ = {isa = PBXFileReference; lastKnownFileType = text.plist.xml; path = Info.plist; sourceTree = "<group>"; };
		111A7CC91F3AF50300A90482 /* MyDictionary.swift */ = {isa = PBXFileReference; fileEncoding = 4; lastKnownFileType = sourcecode.swift; path = MyDictionary.swift; sourceTree = "<group>"; };
		111A7CCB1F3AF51D00A90482 /* DictionaryDao.swift */ = {isa = PBXFileReference; fileEncoding = 4; lastKnownFileType = sourcecode.swift; path = DictionaryDao.swift; sourceTree = "<group>"; };
		111A7CCD1F3BF21800A90482 /* AppConstants.swift */ = {isa = PBXFileReference; fileEncoding = 4; lastKnownFileType = sourcecode.swift; path = AppConstants.swift; sourceTree = "<group>"; };
		111A7CCF1F3BF31400A90482 /* RegisterController.swift */ = {isa = PBXFileReference; fileEncoding = 4; lastKnownFileType = sourcecode.swift; path = RegisterController.swift; sourceTree = "<group>"; };
		111A7CD11F3BF5D800A90482 /* ViewUtil.swift */ = {isa = PBXFileReference; fileEncoding = 4; lastKnownFileType = sourcecode.swift; path = ViewUtil.swift; sourceTree = "<group>"; };
		111A7CD31F3C0ED400A90482 /* ForgotController.swift */ = {isa = PBXFileReference; fileEncoding = 4; lastKnownFileType = sourcecode.swift; path = ForgotController.swift; sourceTree = "<group>"; };
		111A7CD51F3C107D00A90482 /* UpdatePasswordSuccessController.swift */ = {isa = PBXFileReference; fileEncoding = 4; lastKnownFileType = sourcecode.swift; path = UpdatePasswordSuccessController.swift; sourceTree = "<group>"; };
		111A7CD71F3C28F400A90482 /* MyController.swift */ = {isa = PBXFileReference; fileEncoding = 4; lastKnownFileType = sourcecode.swift; path = MyController.swift; sourceTree = "<group>"; };
		111A7CDA1F3C31DA00A90482 /* MyTabBarController.swift */ = {isa = PBXFileReference; fileEncoding = 4; lastKnownFileType = sourcecode.swift; path = MyTabBarController.swift; sourceTree = "<group>"; };
		111A7CDC1F3C348F00A90482 /* OtherController.swift */ = {isa = PBXFileReference; fileEncoding = 4; lastKnownFileType = sourcecode.swift; path = OtherController.swift; sourceTree = "<group>"; };
		111A7CDE1F3C34AC00A90482 /* IndexController.swift */ = {isa = PBXFileReference; fileEncoding = 4; lastKnownFileType = sourcecode.swift; path = IndexController.swift; sourceTree = "<group>"; };
		111A7CE01F3C34D900A90482 /* BookController.swift */ = {isa = PBXFileReference; fileEncoding = 4; lastKnownFileType = sourcecode.swift; path = BookController.swift; sourceTree = "<group>"; };
		111A7CE21F3C4E9E00A90482 /* SettingController.swift */ = {isa = PBXFileReference; fileEncoding = 4; lastKnownFileType = sourcecode.swift; path = SettingController.swift; sourceTree = "<group>"; };
		111A7D101F3C8B0100A90482 /* HttpUtil.swift */ = {isa = PBXFileReference; fileEncoding = 4; lastKnownFileType = sourcecode.swift; path = HttpUtil.swift; sourceTree = "<group>"; };
		111A7D151F3D803B00A90482 /* ToastUtil.swift */ = {isa = PBXFileReference; fileEncoding = 4; lastKnownFileType = sourcecode.swift; path = ToastUtil.swift; sourceTree = "<group>"; };
		111A7D171F3D814100A90482 /* RegisterSuccessController.swift */ = {isa = PBXFileReference; fileEncoding = 4; lastKnownFileType = sourcecode.swift; path = RegisterSuccessController.swift; sourceTree = "<group>"; };
		112A5B881F472A6D00BCBE5E /* CategoryCollectionView.swift */ = {isa = PBXFileReference; fileEncoding = 4; lastKnownFileType = sourcecode.swift; path = CategoryCollectionView.swift; sourceTree = "<group>"; };
		112A5B8C1F4744F700BCBE5E /* CategoryCollectionCell.swift */ = {isa = PBXFileReference; fileEncoding = 4; lastKnownFileType = sourcecode.swift; path = CategoryCollectionCell.swift; sourceTree = "<group>"; };
		112A5B8E1F47522500BCBE5E /* HotCollectionView.swift */ = {isa = PBXFileReference; fileEncoding = 4; lastKnownFileType = sourcecode.swift; path = HotCollectionView.swift; sourceTree = "<group>"; };
		112A5B901F47528600BCBE5E /* HotCollectionCell.swift */ = {isa = PBXFileReference; fileEncoding = 4; lastKnownFileType = sourcecode.swift; path = HotCollectionCell.swift; sourceTree = "<group>"; };
		112A5B921F47632C00BCBE5E /* FavCollectionView.swift */ = {isa = PBXFileReference; fileEncoding = 4; lastKnownFileType = sourcecode.swift; path = FavCollectionView.swift; sourceTree = "<group>"; };
		112A5B941F47636300BCBE5E /* FavCollectionCell.swift */ = {isa = PBXFileReference; fileEncoding = 4; lastKnownFileType = sourcecode.swift; path = FavCollectionCell.swift; sourceTree = "<group>"; };
		112A5B961F47666800BCBE5E /* Favorite.swift */ = {isa = PBXFileReference; fileEncoding = 4; lastKnownFileType = sourcecode.swift; path = Favorite.swift; sourceTree = "<group>"; };
		112A5B9A1F4812C700BCBE5E /* BookCell.swift */ = {isa = PBXFileReference; fileEncoding = 4; lastKnownFileType = sourcecode.swift; path = BookCell.swift; sourceTree = "<group>"; };
		112A5B9C1F481A9E00BCBE5E /* SectionDetailController.swift */ = {isa = PBXFileReference; fileEncoding = 4; lastKnownFileType = sourcecode.swift; path = SectionDetailController.swift; sourceTree = "<group>"; };
		112A5B9E1F481DFC00BCBE5E /* UserUtil.swift */ = {isa = PBXFileReference; fileEncoding = 4; lastKnownFileType = sourcecode.swift; path = UserUtil.swift; sourceTree = "<group>"; };
		11618C6B1F3EC4FE00EB3CFA /* StringUtil.swift */ = {isa = PBXFileReference; fileEncoding = 4; lastKnownFileType = sourcecode.swift; path = StringUtil.swift; sourceTree = "<group>"; };
		11618C721F3EEE8E00EB3CFA /* Book.swift */ = {isa = PBXFileReference; fileEncoding = 4; lastKnownFileType = sourcecode.swift; path = Book.swift; sourceTree = "<group>"; };
		11618C841F45485C00EB3CFA /* Section.swift */ = {isa = PBXFileReference; fileEncoding = 4; lastKnownFileType = sourcecode.swift; path = Section.swift; sourceTree = "<group>"; };
		11618C8B1F468D2100EB3CFA /* BookListController.swift */ = {isa = PBXFileReference; fileEncoding = 4; lastKnownFileType = sourcecode.swift; path = BookListController.swift; sourceTree = "<group>"; };
		11FFACA6D23EF07F502986C8 /* Pods-future.release.xcconfig */ = {isa = PBXFileReference; includeInIndex = 1; lastKnownFileType = text.xcconfig; name = "Pods-future.release.xcconfig"; path = "Pods/Target Support Files/Pods-future/Pods-future.release.xcconfig"; sourceTree = "<group>"; };
		3D8865FEB7D17CE602D349C5 /* Pods_future.framework */ = {isa = PBXFileReference; explicitFileType = wrapper.framework; includeInIndex = 0; path = Pods_future.framework; sourceTree = BUILT_PRODUCTS_DIR; };
		8342076166107CD9B2FD60A4 /* Pods-future.debug.xcconfig */ = {isa = PBXFileReference; includeInIndex = 1; lastKnownFileType = text.xcconfig; name = "Pods-future.debug.xcconfig"; path = "Pods/Target Support Files/Pods-future/Pods-future.debug.xcconfig"; sourceTree = "<group>"; };
/* End PBXFileReference section */

/* Begin PBXFrameworksBuildPhase section */
		111A7CA71F3AF46400A90482 /* Frameworks */ = {
			isa = PBXFrameworksBuildPhase;
			buildActionMask = 2147483647;
			files = (
				8DC06CB3E37A704F75F1D26F /* Pods_future.framework in Frameworks */,
			);
			runOnlyForDeploymentPostprocessing = 0;
		};
/* End PBXFrameworksBuildPhase section */

/* Begin PBXGroup section */
		111A7CA11F3AF46400A90482 = {
			isa = PBXGroup;
			children = (
				111A7CAC1F3AF46400A90482 /* future */,
				111A7CAB1F3AF46400A90482 /* Products */,
				9149F13B28CCD23936C8B921 /* Pods */,
				46E9997F2B3095D3D53CA3D1 /* Frameworks */,
			);
			sourceTree = "<group>";
		};
		111A7CAB1F3AF46400A90482 /* Products */ = {
			isa = PBXGroup;
			children = (
				111A7CAA1F3AF46400A90482 /* 未来.app */,
			);
			name = Products;
			sourceTree = "<group>";
		};
		111A7CAC1F3AF46400A90482 /* future */ = {
			isa = PBXGroup;
			children = (
				111A7CC81F3AF4D700A90482 /* model */,
				111A7CC71F3AF4B400A90482 /* resources */,
				111A7CC61F3AF4AB00A90482 /* core */,
				111A7CC51F3AF48100A90482 /* interface */,
				111A7CC41F3AF47A00A90482 /* util */,
				111A7CC31F3AF47500A90482 /* dao */,
				111A7CC21F3AF46B00A90482 /* controller */,
			);
			path = future;
			sourceTree = "<group>";
		};
		111A7CC21F3AF46B00A90482 /* controller */ = {
			isa = PBXGroup;
			children = (
				11618C8A1F468CF400EB3CFA /* book */,
				111A7CE51F3C559900A90482 /* login */,
				111A7CE41F3C50E200A90482 /* index */,
			);
			name = controller;
			sourceTree = "<group>";
		};
		111A7CC31F3AF47500A90482 /* dao */ = {
			isa = PBXGroup;
			children = (
				111A7CB41F3AF46400A90482 /* future.xcdatamodeld */,
				111A7CCB1F3AF51D00A90482 /* DictionaryDao.swift */,
			);
			name = dao;
			sourceTree = "<group>";
		};
		111A7CC41F3AF47A00A90482 /* util */ = {
			isa = PBXGroup;
			children = (
				111A7CD11F3BF5D800A90482 /* ViewUtil.swift */,
				111A7D101F3C8B0100A90482 /* HttpUtil.swift */,
				111A7D151F3D803B00A90482 /* ToastUtil.swift */,
				11618C6B1F3EC4FE00EB3CFA /* StringUtil.swift */,
				112A5B9E1F481DFC00BCBE5E /* UserUtil.swift */,
			);
			name = util;
			sourceTree = "<group>";
		};
		111A7CC51F3AF48100A90482 /* interface */ = {
			isa = PBXGroup;
			children = (
				111A7CB91F3AF46400A90482 /* LaunchScreen.storyboard */,
				111A7CB11F3AF46400A90482 /* Main.storyboard */,
			);
			name = interface;
			sourceTree = "<group>";
		};
		111A7CC61F3AF4AB00A90482 /* core */ = {
			isa = PBXGroup;
			children = (
				111A7CBC1F3AF46400A90482 /* Info.plist */,
				111A7CAD1F3AF46400A90482 /* AppDelegate.swift */,
			);
			name = core;
			sourceTree = "<group>";
		};
		111A7CC71F3AF4B400A90482 /* resources */ = {
			isa = PBXGroup;
			children = (
				111A7CB71F3AF46400A90482 /* Assets.xcassets */,
			);
			name = resources;
			sourceTree = "<group>";
		};
		111A7CC81F3AF4D700A90482 /* model */ = {
			isa = PBXGroup;
			children = (
				111A7CCD1F3BF21800A90482 /* AppConstants.swift */,
				111A7CC91F3AF50300A90482 /* MyDictionary.swift */,
				11618C721F3EEE8E00EB3CFA /* Book.swift */,
				11618C841F45485C00EB3CFA /* Section.swift */,
				112A5B961F47666800BCBE5E /* Favorite.swift */,
			);
			name = model;
			sourceTree = "<group>";
		};
		111A7CE41F3C50E200A90482 /* index */ = {
			isa = PBXGroup;
			children = (
				111A7CD71F3C28F400A90482 /* MyController.swift */,
				111A7CDA1F3C31DA00A90482 /* MyTabBarController.swift */,
				111A7CDC1F3C348F00A90482 /* OtherController.swift */,
				111A7CDE1F3C34AC00A90482 /* IndexController.swift */,
				111A7CE21F3C4E9E00A90482 /* SettingController.swift */,
			);
			name = index;
			sourceTree = "<group>";
		};
		111A7CE51F3C559900A90482 /* login */ = {
			isa = PBXGroup;
			children = (
				111A7CAF1F3AF46400A90482 /* LoginController.swift */,
				111A7CCF1F3BF31400A90482 /* RegisterController.swift */,
				111A7CD31F3C0ED400A90482 /* ForgotController.swift */,
				111A7CD51F3C107D00A90482 /* UpdatePasswordSuccessController.swift */,
				111A7D171F3D814100A90482 /* RegisterSuccessController.swift */,
			);
			name = login;
			sourceTree = "<group>";
		};
		11618C8A1F468CF400EB3CFA /* book */ = {
			isa = PBXGroup;
			children = (
				111A7CE01F3C34D900A90482 /* BookController.swift */,
				11618C8B1F468D2100EB3CFA /* BookListController.swift */,
				112A5B9A1F4812C700BCBE5E /* BookCell.swift */,
				112A5B881F472A6D00BCBE5E /* CategoryCollectionView.swift */,
				112A5B8C1F4744F700BCBE5E /* CategoryCollectionCell.swift */,
				112A5B8E1F47522500BCBE5E /* HotCollectionView.swift */,
				112A5B901F47528600BCBE5E /* HotCollectionCell.swift */,
				112A5B921F47632C00BCBE5E /* FavCollectionView.swift */,
				112A5B941F47636300BCBE5E /* FavCollectionCell.swift */,
				112A5B9C1F481A9E00BCBE5E /* SectionDetailController.swift */,
			);
			name = book;
			sourceTree = "<group>";
		};
		46E9997F2B3095D3D53CA3D1 /* Frameworks */ = {
			isa = PBXGroup;
			children = (
				3D8865FEB7D17CE602D349C5 /* Pods_future.framework */,
			);
			name = Frameworks;
			sourceTree = "<group>";
		};
		9149F13B28CCD23936C8B921 /* Pods */ = {
			isa = PBXGroup;
			children = (
				8342076166107CD9B2FD60A4 /* Pods-future.debug.xcconfig */,
				11FFACA6D23EF07F502986C8 /* Pods-future.release.xcconfig */,
			);
			name = Pods;
			sourceTree = "<group>";
		};
/* End PBXGroup section */

/* Begin PBXNativeTarget section */
		111A7CA91F3AF46400A90482 /* future */ = {
			isa = PBXNativeTarget;
			buildConfigurationList = 111A7CBF1F3AF46400A90482 /* Build configuration list for PBXNativeTarget "future" */;
			buildPhases = (
				507E5382F3F72C81EBA35C42 /* [CP] Check Pods Manifest.lock */,
				111A7CA61F3AF46400A90482 /* Sources */,
				111A7CA71F3AF46400A90482 /* Frameworks */,
				111A7CA81F3AF46400A90482 /* Resources */,
				A4118AD4544B80BDDE0358D1 /* [CP] Embed Pods Frameworks */,
				C027DF1EE0D692C1C1C2447F /* [CP] Copy Pods Resources */,
			);
			buildRules = (
			);
			dependencies = (
			);
			name = future;
			productName = future;
			productReference = 111A7CAA1F3AF46400A90482 /* 未来.app */;
			productType = "com.apple.product-type.application";
		};
/* End PBXNativeTarget section */

/* Begin PBXProject section */
		111A7CA21F3AF46400A90482 /* Project object */ = {
			isa = PBXProject;
			attributes = {
				LastSwiftUpdateCheck = 0830;
				LastUpgradeCheck = 0830;
				ORGANIZATIONNAME = kangyonggan;
				TargetAttributes = {
					111A7CA91F3AF46400A90482 = {
						CreatedOnToolsVersion = 8.3.3;
						DevelopmentTeam = ZAU45PX3J5;
						ProvisioningStyle = Automatic;
					};
				};
			};
			buildConfigurationList = 111A7CA51F3AF46400A90482 /* Build configuration list for PBXProject "future" */;
			compatibilityVersion = "Xcode 3.2";
			developmentRegion = English;
			hasScannedForEncodings = 0;
			knownRegions = (
				en,
				Base,
			);
			mainGroup = 111A7CA11F3AF46400A90482;
			productRefGroup = 111A7CAB1F3AF46400A90482 /* Products */;
			projectDirPath = "";
			projectRoot = "";
			targets = (
				111A7CA91F3AF46400A90482 /* future */,
			);
		};
/* End PBXProject section */

/* Begin PBXResourcesBuildPhase section */
		111A7CA81F3AF46400A90482 /* Resources */ = {
			isa = PBXResourcesBuildPhase;
			buildActionMask = 2147483647;
			files = (
				111A7CBB1F3AF46400A90482 /* LaunchScreen.storyboard in Resources */,
				111A7CB81F3AF46400A90482 /* Assets.xcassets in Resources */,
				111A7CB31F3AF46400A90482 /* Main.storyboard in Resources */,
			);
			runOnlyForDeploymentPostprocessing = 0;
		};
/* End PBXResourcesBuildPhase section */

/* Begin PBXShellScriptBuildPhase section */
		507E5382F3F72C81EBA35C42 /* [CP] Check Pods Manifest.lock */ = {
			isa = PBXShellScriptBuildPhase;
			buildActionMask = 2147483647;
			files = (
			);
			inputPaths = (
				"${PODS_PODFILE_DIR_PATH}/Podfile.lock",
				"${PODS_ROOT}/Manifest.lock",
			);
			name = "[CP] Check Pods Manifest.lock";
			outputPaths = (
				"$(DERIVED_FILE_DIR)/Pods-future-checkManifestLockResult.txt",
			);
			runOnlyForDeploymentPostprocessing = 0;
			shellPath = /bin/sh;
			shellScript = "diff \"${PODS_PODFILE_DIR_PATH}/Podfile.lock\" \"${PODS_ROOT}/Manifest.lock\" > /dev/null\nif [ $? != 0 ] ; then\n    # print error to STDERR\n    echo \"error: The sandbox is not in sync with the Podfile.lock. Run 'pod install' or update your CocoaPods installation.\" >&2\n    exit 1\nfi\n# This output is used by Xcode 'outputs' to avoid re-running this script phase.\necho \"SUCCESS\" > \"${SCRIPT_OUTPUT_FILE_0}\"\n";
			showEnvVarsInLog = 0;
		};
		A4118AD4544B80BDDE0358D1 /* [CP] Embed Pods Frameworks */ = {
			isa = PBXShellScriptBuildPhase;
			buildActionMask = 2147483647;
			files = (
			);
			inputPaths = (
				"${SRCROOT}/Pods/Target Support Files/Pods-future/Pods-future-frameworks.sh",
				"${BUILT_PRODUCTS_DIR}/Just/Just.framework",
				"${BUILT_PRODUCTS_DIR}/Toaster/Toaster.framework",
			);
			name = "[CP] Embed Pods Frameworks";
			outputPaths = (
				"${TARGET_BUILD_DIR}/${FRAMEWORKS_FOLDER_PATH}/Just.framework",
				"${TARGET_BUILD_DIR}/${FRAMEWORKS_FOLDER_PATH}/Toaster.framework",
			);
			runOnlyForDeploymentPostprocessing = 0;
			shellPath = /bin/sh;
			shellScript = "\"${SRCROOT}/Pods/Target Support Files/Pods-future/Pods-future-frameworks.sh\"\n";
			showEnvVarsInLog = 0;
		};
		C027DF1EE0D692C1C1C2447F /* [CP] Copy Pods Resources */ = {
			isa = PBXShellScriptBuildPhase;
			buildActionMask = 2147483647;
			files = (
			);
			inputPaths = (
			);
			name = "[CP] Copy Pods Resources";
			outputPaths = (
			);
			runOnlyForDeploymentPostprocessing = 0;
			shellPath = /bin/sh;
			shellScript = "\"${SRCROOT}/Pods/Target Support Files/Pods-future/Pods-future-resources.sh\"\n";
			showEnvVarsInLog = 0;
		};
/* End PBXShellScriptBuildPhase section */

/* Begin PBXSourcesBuildPhase section */
		111A7CA61F3AF46400A90482 /* Sources */ = {
			isa = PBXSourcesBuildPhase;
			buildActionMask = 2147483647;
			files = (
				111A7CD81F3C28F400A90482 /* MyController.swift in Sources */,
				111A7CE11F3C34D900A90482 /* BookController.swift in Sources */,
				111A7CB01F3AF46400A90482 /* LoginController.swift in Sources */,
				111A7D161F3D803B00A90482 /* ToastUtil.swift in Sources */,
				112A5B9D1F481A9E00BCBE5E /* SectionDetailController.swift in Sources */,
				111A7CCE1F3BF21800A90482 /* AppConstants.swift in Sources */,
				111A7D181F3D814100A90482 /* RegisterSuccessController.swift in Sources */,
				112A5B8F1F47522500BCBE5E /* HotCollectionView.swift in Sources */,
				111A7D111F3C8B0100A90482 /* HttpUtil.swift in Sources */,
				111A7CE31F3C4E9E00A90482 /* SettingController.swift in Sources */,
				111A7CD21F3BF5D800A90482 /* ViewUtil.swift in Sources */,
				112A5B9B1F4812C700BCBE5E /* BookCell.swift in Sources */,
				111A7CCA1F3AF50300A90482 /* MyDictionary.swift in Sources */,
				111A7CDB1F3C31DA00A90482 /* MyTabBarController.swift in Sources */,
				111A7CB61F3AF46400A90482 /* future.xcdatamodeld in Sources */,
				11618C6C1F3EC4FE00EB3CFA /* StringUtil.swift in Sources */,
				112A5B931F47632C00BCBE5E /* FavCollectionView.swift in Sources */,
				112A5B971F47666800BCBE5E /* Favorite.swift in Sources */,
				11618C851F45485C00EB3CFA /* Section.swift in Sources */,
				11618C8C1F468D2100EB3CFA /* BookListController.swift in Sources */,
				112A5B951F47636300BCBE5E /* FavCollectionCell.swift in Sources */,
				11618C731F3EEE8E00EB3CFA /* Book.swift in Sources */,
				111A7CDD1F3C348F00A90482 /* OtherController.swift in Sources */,
				111A7CD01F3BF31500A90482 /* RegisterController.swift in Sources */,
				112A5B911F47528600BCBE5E /* HotCollectionCell.swift in Sources */,
				111A7CAE1F3AF46400A90482 /* AppDelegate.swift in Sources */,
				111A7CDF1F3C34AC00A90482 /* IndexController.swift in Sources */,
				112A5B8D1F4744F700BCBE5E /* CategoryCollectionCell.swift in Sources */,
				112A5B891F472A6D00BCBE5E /* CategoryCollectionView.swift in Sources */,
				111A7CD61F3C107D00A90482 /* UpdatePasswordSuccessController.swift in Sources */,
				111A7CD41F3C0ED400A90482 /* ForgotController.swift in Sources */,
				112A5B9F1F481DFC00BCBE5E /* UserUtil.swift in Sources */,
				111A7CCC1F3AF51D00A90482 /* DictionaryDao.swift in Sources */,
			);
			runOnlyForDeploymentPostprocessing = 0;
		};
/* End PBXSourcesBuildPhase section */

/* Begin PBXVariantGroup section */
		111A7CB11F3AF46400A90482 /* Main.storyboard */ = {
			isa = PBXVariantGroup;
			children = (
				111A7CB21F3AF46400A90482 /* Base */,
			);
			name = Main.storyboard;
			sourceTree = "<group>";
		};
		111A7CB91F3AF46400A90482 /* LaunchScreen.storyboard */ = {
			isa = PBXVariantGroup;
			children = (
				111A7CBA1F3AF46400A90482 /* Base */,
			);
			name = LaunchScreen.storyboard;
			sourceTree = "<group>";
		};
/* End PBXVariantGroup section */

/* Begin XCBuildConfiguration section */
		111A7CBD1F3AF46400A90482 /* Debug */ = {
			isa = XCBuildConfiguration;
			buildSettings = {
				ALWAYS_SEARCH_USER_PATHS = NO;
				CLANG_ANALYZER_NONNULL = YES;
				CLANG_ANALYZER_NUMBER_OBJECT_CONVERSION = YES_AGGRESSIVE;
				CLANG_CXX_LANGUAGE_STANDARD = "gnu++0x";
				CLANG_CXX_LIBRARY = "libc++";
				CLANG_ENABLE_MODULES = YES;
				CLANG_ENABLE_OBJC_ARC = YES;
				CLANG_WARN_BOOL_CONVERSION = YES;
				CLANG_WARN_CONSTANT_CONVERSION = YES;
				CLANG_WARN_DIRECT_OBJC_ISA_USAGE = YES_ERROR;
				CLANG_WARN_DOCUMENTATION_COMMENTS = YES;
				CLANG_WARN_EMPTY_BODY = YES;
				CLANG_WARN_ENUM_CONVERSION = YES;
				CLANG_WARN_INFINITE_RECURSION = YES;
				CLANG_WARN_INT_CONVERSION = YES;
				CLANG_WARN_OBJC_ROOT_CLASS = YES_ERROR;
				CLANG_WARN_SUSPICIOUS_MOVE = YES;
				CLANG_WARN_UNREACHABLE_CODE = YES;
				CLANG_WARN__DUPLICATE_METHOD_MATCH = YES;
				"CODE_SIGN_IDENTITY[sdk=iphoneos*]" = "iPhone Developer";
				COPY_PHASE_STRIP = NO;
				DEBUG_INFORMATION_FORMAT = dwarf;
				ENABLE_STRICT_OBJC_MSGSEND = YES;
				ENABLE_TESTABILITY = YES;
				GCC_C_LANGUAGE_STANDARD = gnu99;
				GCC_DYNAMIC_NO_PIC = NO;
				GCC_NO_COMMON_BLOCKS = YES;
				GCC_OPTIMIZATION_LEVEL = 0;
				GCC_PREPROCESSOR_DEFINITIONS = (
					"DEBUG=1",
					"$(inherited)",
				);
				GCC_WARN_64_TO_32_BIT_CONVERSION = YES;
				GCC_WARN_ABOUT_RETURN_TYPE = YES_ERROR;
				GCC_WARN_UNDECLARED_SELECTOR = YES;
				GCC_WARN_UNINITIALIZED_AUTOS = YES_AGGRESSIVE;
				GCC_WARN_UNUSED_FUNCTION = YES;
				GCC_WARN_UNUSED_VARIABLE = YES;
				IPHONEOS_DEPLOYMENT_TARGET = 10.3;
				MTL_ENABLE_DEBUG_INFO = YES;
				ONLY_ACTIVE_ARCH = YES;
				SDKROOT = iphoneos;
				SWIFT_ACTIVE_COMPILATION_CONDITIONS = DEBUG;
				SWIFT_OPTIMIZATION_LEVEL = "-Onone";
			};
			name = Debug;
		};
		111A7CBE1F3AF46400A90482 /* Release */ = {
			isa = XCBuildConfiguration;
			buildSettings = {
				ALWAYS_SEARCH_USER_PATHS = NO;
				CLANG_ANALYZER_NONNULL = YES;
				CLANG_ANALYZER_NUMBER_OBJECT_CONVERSION = YES_AGGRESSIVE;
				CLANG_CXX_LANGUAGE_STANDARD = "gnu++0x";
				CLANG_CXX_LIBRARY = "libc++";
				CLANG_ENABLE_MODULES = YES;
				CLANG_ENABLE_OBJC_ARC = YES;
				CLANG_WARN_BOOL_CONVERSION = YES;
				CLANG_WARN_CONSTANT_CONVERSION = YES;
				CLANG_WARN_DIRECT_OBJC_ISA_USAGE = YES_ERROR;
				CLANG_WARN_DOCUMENTATION_COMMENTS = YES;
				CLANG_WARN_EMPTY_BODY = YES;
				CLANG_WARN_ENUM_CONVERSION = YES;
				CLANG_WARN_INFINITE_RECURSION = YES;
				CLANG_WARN_INT_CONVERSION = YES;
				CLANG_WARN_OBJC_ROOT_CLASS = YES_ERROR;
				CLANG_WARN_SUSPICIOUS_MOVE = YES;
				CLANG_WARN_UNREACHABLE_CODE = YES;
				CLANG_WARN__DUPLICATE_METHOD_MATCH = YES;
				"CODE_SIGN_IDENTITY[sdk=iphoneos*]" = "iPhone Developer";
				COPY_PHASE_STRIP = NO;
				DEBUG_INFORMATION_FORMAT = "dwarf-with-dsym";
				ENABLE_NS_ASSERTIONS = NO;
				ENABLE_STRICT_OBJC_MSGSEND = YES;
				GCC_C_LANGUAGE_STANDARD = gnu99;
				GCC_NO_COMMON_BLOCKS = YES;
				GCC_WARN_64_TO_32_BIT_CONVERSION = YES;
				GCC_WARN_ABOUT_RETURN_TYPE = YES_ERROR;
				GCC_WARN_UNDECLARED_SELECTOR = YES;
				GCC_WARN_UNINITIALIZED_AUTOS = YES_AGGRESSIVE;
				GCC_WARN_UNUSED_FUNCTION = YES;
				GCC_WARN_UNUSED_VARIABLE = YES;
				IPHONEOS_DEPLOYMENT_TARGET = 10.3;
				MTL_ENABLE_DEBUG_INFO = NO;
				SDKROOT = iphoneos;
				SWIFT_OPTIMIZATION_LEVEL = "-Owholemodule";
				VALIDATE_PRODUCT = YES;
			};
			name = Release;
		};
		111A7CC01F3AF46400A90482 /* Debug */ = {
			isa = XCBuildConfiguration;
			baseConfigurationReference = 8342076166107CD9B2FD60A4 /* Pods-future.debug.xcconfig */;
			buildSettings = {
				ASSETCATALOG_COMPILER_APPICON_NAME = AppIcon;
				DEVELOPMENT_TEAM = ZAU45PX3J5;
				INFOPLIST_FILE = future/Info.plist;
				LD_RUNPATH_SEARCH_PATHS = "$(inherited) @executable_path/Frameworks";
				PRODUCT_BUNDLE_IDENTIFIER = com.kangyonggan.future;
				PRODUCT_NAME = "未来";
				SWIFT_VERSION = 3.0;
			};
			name = Debug;
		};
		111A7CC11F3AF46400A90482 /* Release */ = {
			isa = XCBuildConfiguration;
			baseConfigurationReference = 11FFACA6D23EF07F502986C8 /* Pods-future.release.xcconfig */;
			buildSettings = {
				ASSETCATALOG_COMPILER_APPICON_NAME = AppIcon;
				DEVELOPMENT_TEAM = ZAU45PX3J5;
				INFOPLIST_FILE = future/Info.plist;
				LD_RUNPATH_SEARCH_PATHS = "$(inherited) @executable_path/Frameworks";
				PRODUCT_BUNDLE_IDENTIFIER = com.kangyonggan.future;
				PRODUCT_NAME = "未来";
				SWIFT_VERSION = 3.0;
			};
			name = Release;
		};
/* End XCBuildConfiguration section */

/* Begin XCConfigurationList section */
		111A7CA51F3AF46400A90482 /* Build configuration list for PBXProject "future" */ = {
			isa = XCConfigurationList;
			buildConfigurations = (
				111A7CBD1F3AF46400A90482 /* Debug */,
				111A7CBE1F3AF46400A90482 /* Release */,
			);
			defaultConfigurationIsVisible = 0;
			defaultConfigurationName = Release;
		};
		111A7CBF1F3AF46400A90482 /* Build configuration list for PBXNativeTarget "future" */ = {
			isa = XCConfigurationList;
			buildConfigurations = (
				111A7CC01F3AF46400A90482 /* Debug */,
				111A7CC11F3AF46400A90482 /* Release */,
			);
			defaultConfigurationIsVisible = 0;
			defaultConfigurationName = Release;
		};
/* End XCConfigurationList section */

/* Begin XCVersionGroup section */
		111A7CB41F3AF46400A90482 /* future.xcdatamodeld */ = {
			isa = XCVersionGroup;
			children = (
				111A7CB51F3AF46400A90482 /* future.xcdatamodel */,
			);
			currentVersion = 111A7CB51F3AF46400A90482 /* future.xcdatamodel */;
			path = future.xcdatamodeld;
			sourceTree = "<group>";
			versionGroupType = wrapper.xcdatamodel;
		};
/* End XCVersionGroup section */
	};
	rootObject = 111A7CA21F3AF46400A90482 /* Project object */;
}
